
Microsoft Visual Studio Solution File, Format Version 12.00
# Visual Studio Version 17
VisualStudioVersion = 17.8.34511.84
MinimumVisualStudioVersion = 10.0.40219.1
Project("{FAE04EC0-301F-11D3-BF4B-00C04F79EFBC}") = "EasyCommunicationDemo", "EasyCommunicationDemo\EasyCommunicationDemo.csproj", "{7F6A294D-3EB5-4C2A-B031-E95092A4995E}"
EndProject
Project("{FAE04EC0-301F-11D3-BF4B-00C04F79EFBC}") = "EasyCommunication", "EasyCommunication\EasyCommunication.csproj", "{3416B14E-1AA8-4DC3-8908-87C73F559C54}"
EndProject
Global
	GlobalSection(SolutionConfigurationPlatforms) = preSolution
		Debug|Any CPU = Debug|Any CPU
		Release|Any CPU = Release|Any CPU
	EndGlobalSection
	GlobalSection(ProjectConfigurationPlatforms) = postSolution
		{7F6A294D-3EB5-4C2A-B031-E95092A4995E}.Debug|Any CPU.ActiveCfg = Debug|Any CPU
		{7F6A294D-3EB5-4C2A-B031-E95092A4995E}.Debug|Any CPU.Build.0 = Debug|Any CPU
		{7F6A294D-3EB5-4C2A-B031-E95092A4995E}.Release|Any CPU.ActiveCfg = Release|Any CPU
		{7F6A294D-3EB5-4C2A-B031-E95092A4995E}.Release|Any CPU.Build.0 = Release|Any CPU
		{3416B14E-1AA8-4DC3-8908-87C73F559C54}.Debug|Any CPU.ActiveCfg = Debug|Any CPU
		{3416B14E-1AA8-4DC3-8908-87C73F559C54}.Debug|Any CPU.Build.0 = Debug|Any CPU
		{3416B14E-1AA8-4DC3-8908-87C73F559C54}.Release|Any CPU.ActiveCfg = Release|Any CPU
		{3416B14E-1AA8-4DC3-8908-87C73F559C54}.Release|Any CPU.Build.0 = Release|Any CPU
	EndGlobalSection
	GlobalSection(SolutionProperties) = preSolution
		HideSolutionNode = FALSE
	EndGlobalSection
	GlobalSection(ExtensibilityGlobals) = postSolution
		SolutionGuid = {C261F801-3B3B-443A-95C2-CB54ECFA43A0}
	EndGlobalSection
EndGlobal
